
Microsoft Visual Studio Solution File, Format Version 12.00
# Visual Studio 2012
Project("{8BC9CEB8-8B4A-11D0-8D11-00A0C91BC942}") = "FaceDitection3", "FaceDitection3\FaceDitection3.vcxproj", "{DC1E587E-DAE3-4CDE-9957-00B15A903697}"
EndProject
Global
	GlobalSection(SolutionConfigurationPlatforms) = preSolution
		Debug|Win32 = Debug|Win32
		Release|Win32 = Release|Win32
	EndGlobalSection
	GlobalSection(ProjectConfigurationPlatforms) = postSolution
		{DC1E587E-DAE3-4CDE-9957-00B15A903697}.Debug|Win32.ActiveCfg = Debug|Win32
		{DC1E587E-DAE3-4CDE-9957-00B15A903697}.Debug|Win32.Build.0 = Debug|Win32
		{DC1E587E-DAE3-4CDE-9957-00B15A903697}.Release|Win32.ActiveCfg = Release|Win32
		{DC1E587E-DAE3-4CDE-9957-00B15A903697}.Release|Win32.Build.0 = Release|Win32
	EndGlobalSection
	GlobalSection(SolutionProperties) = preSolution
		HideSolutionNode = FALSE
	EndGlobalSection
EndGlobal
